
Microsoft Visual Studio Solution File, Format Version 12.00
# Visual Studio 15
VisualStudioVersion = 15.0.28010.2048
MinimumVisualStudioVersion = 10.0.40219.1
Project("{FAE04EC0-301F-11D3-BF4B-00C04F79EFBC}") = "MentorMonitorer", "MentorMonitorer\MentorMonitorer.csproj", "{0F1253AD-36D6-4982-A9BD-E676989CB766}"
EndProject
Global
	GlobalSection(SolutionConfigurationPlatforms) = preSolution
		Debug|Any CPU = Debug|Any CPU
		Release|Any CPU = Release|Any CPU
	EndGlobalSection
	GlobalSection(ProjectConfigurationPlatforms) = postSolution
		{0F1253AD-36D6-4982-A9BD-E676989CB766}.Debug|Any CPU.ActiveCfg = Debug|Any CPU
		{0F1253AD-36D6-4982-A9BD-E676989CB766}.Debug|Any CPU.Build.0 = Debug|Any CPU
		{0F1253AD-36D6-4982-A9BD-E676989CB766}.Release|Any CPU.ActiveCfg = Release|Any CPU
		{0F1253AD-36D6-4982-A9BD-E676989CB766}.Release|Any CPU.Build.0 = Release|Any CPU
	EndGlobalSection
	GlobalSection(SolutionProperties) = preSolution
		HideSolutionNode = FALSE
	EndGlobalSection
	GlobalSection(ExtensibilityGlobals) = postSolution
		SolutionGuid = {D89EF621-8FEF-49A7-8B3C-B32344C9D22F}
	EndGlobalSection
EndGlobal
